
Microsoft Visual Studio Solution File, Format Version 12.00
# Visual Studio 2012
Project("{FAE04EC0-301F-11D3-BF4B-00C04F79EFBC}") = "hw06", "hw06\hw06.csproj", "{652B018D-395A-4263-81D8-240130BF7355}"
EndProject
Global
	GlobalSection(SolutionConfigurationPlatforms) = preSolution
		Debug|Any CPU = Debug|Any CPU
		Release|Any CPU = Release|Any CPU
	EndGlobalSection
	GlobalSection(ProjectConfigurationPlatforms) = postSolution
		{652B018D-395A-4263-81D8-240130BF7355}.Debug|Any CPU.ActiveCfg = Debug|Any CPU
		{652B018D-395A-4263-81D8-240130BF7355}.Debug|Any CPU.Build.0 = Debug|Any CPU
		{652B018D-395A-4263-81D8-240130BF7355}.Release|Any CPU.ActiveCfg = Release|Any CPU
		{652B018D-395A-4263-81D8-240130BF7355}.Release|Any CPU.Build.0 = Release|Any CPU
	EndGlobalSection
	GlobalSection(SolutionProperties) = preSolution
		HideSolutionNode = FALSE
	EndGlobalSection
EndGlobal
